// !$*UTF8*$!
{
	archiveVersion = 1;
	classes = {
	};
	objectVersion = 50;
	objects = {

/* Begin PBXBuildFile section */
		BB771CB8234D7F4F0060473D /* AppDelegate.m in Sources */ = {isa = PBXBuildFile; fileRef = BB771CB7234D7F4F0060473D /* AppDelegate.m */; };
		BB771CBB234D7F4F0060473D /* SceneDelegate.m in Sources */ = {isa = PBXBuildFile; fileRef = BB771CBA234D7F4F0060473D /* SceneDelegate.m */; };
		BB771CBE234D7F4F0060473D /* ViewController.m in Sources */ = {isa = PBXBuildFile; fileRef = BB771CBD234D7F4F0060473D /* ViewController.m */; };
		BB771CC1234D7F4F0060473D /* Main.storyboard in Resources */ = {isa = PBXBuildFile; fileRef = BB771CBF234D7F4F0060473D /* Main.storyboard */; };
		BB771CC3234D7F500060473D /* Assets.xcassets in Resources */ = {isa = PBXBuildFile; fileRef = BB771CC2234D7F500060473D /* Assets.xcassets */; };
		BB771CC6234D7F500060473D /* LaunchScreen.storyboard in Resources */ = {isa = PBXBuildFile; fileRef = BB771CC4234D7F500060473D /* LaunchScreen.storyboard */; };
		BB771CC9234D7F500060473D /* main.m in Sources */ = {isa = PBXBuildFile; fileRef = BB771CC8234D7F500060473D /* main.m */; };
		BB771CD2234D802C0060473D /* HTClipImageController.m in Sources */ = {isa = PBXBuildFile; fileRef = BB771CD0234D802C0060473D /* HTClipImageController.m */; };
/* End PBXBuildFile section */

/* Begin PBXFileReference section */
		BB771CB3234D7F4F0060473D /* AddRemoteTest.app */ = {isa = PBXFileReference; explicitFileType = wrapper.application; includeInIndex = 0; path = AddRemoteTest.app; sourceTree = BUILT_PRODUCTS_DIR; };
		BB771CB6234D7F4F0060473D /* AppDelegate.h */ = {isa = PBXFileReference; lastKnownFileType = sourcecode.c.h; path = AppDelegate.h; sourceTree = "<group>"; };
		BB771CB7234D7F4F0060473D /* AppDelegate.m */ = {isa = PBXFileReference; lastKnownFileType = sourcecode.c.objc; path = AppDelegate.m; sourceTree = "<group>"; };
		BB771CB9234D7F4F0060473D /* SceneDelegate.h */ = {isa = PBXFileReference; lastKnownFileType = sourcecode.c.h; path = SceneDelegate.h; sourceTree = "<group>"; };
		BB771CBA234D7F4F0060473D /* SceneDelegate.m */ = {isa = PBXFileReference; lastKnownFileType = sourcecode.c.objc; path = SceneDelegate.m; sourceTree = "<group>"; };
		BB771CBC234D7F4F0060473D /* ViewController.h */ = {isa = PBXFileReference; lastKnownFileType = sourcecode.c.h; path = ViewController.h; sourceTree = "<group>"; };
		BB771CBD234D7F4F0060473D /* ViewController.m */ = {isa = PBXFileReference; lastKnownFileType = sourcecode.c.objc; path = ViewController.m; sourceTree = "<group>"; };
		BB771CC0234D7F4F0060473D /* Base */ = {isa = PBXFileReference; lastKnownFileType = file.storyboard; name = Base; path = Base.lproj/Main.storyboard; sourceTree = "<group>"; };
		BB771CC2234D7F500060473D /* Assets.xcassets */ = {isa = PBXFileReference; lastKnownFileType = folder.assetcatalog; path = Assets.xcassets; sourceTree = "<group>"; };
		BB771CC5234D7F500060473D /* Base */ = {isa = PBXFileReference; lastKnownFileType = file.storyboard; name = Base; path = Base.lproj/LaunchScreen.storyboard; sourceTree = "<group>"; };
		BB771CC7234D7F500060473D /* Info.plist */ = {isa = PBXFileReference; lastKnownFileType = text.plist.xml; path = Info.plist; sourceTree = "<group>"; };
		BB771CC8234D7F500060473D /* main.m */ = {isa = PBXFileReference; lastKnownFileType = sourcecode.c.objc; path = main.m; sourceTree = "<group>"; };
		BB771CD0234D802C0060473D /* HTClipImageController.m */ = {isa = PBXFileReference; fileEncoding = 4; lastKnownFileType = sourcecode.c.objc; path = HTClipImageController.m; sourceTree = "<group>"; };
		BB771CD1234D802C0060473D /* HTClipImageController.h */ = {isa = PBXFileReference; fileEncoding = 4; lastKnownFileType = sourcecode.c.h; path = HTClipImageController.h; sourceTree = "<group>"; };
/* End PBXFileReference section */

/* Begin PBXFrameworksBuildPhase section */
		BB771CB0234D7F4F0060473D /* Frameworks */ = {
			isa = PBXFrameworksBuildPhase;
			buildActionMask = 2147483647;
			files = (
			);
			runOnlyForDeploymentPostprocessing = 0;
		};
/* End PBXFrameworksBuildPhase section */

/* Begin PBXGroup section */
		BB771CAA234D7F4F0060473D = {
			isa = PBXGroup;
			children = (
				BB771CB5234D7F4F0060473D /* AddRemoteTest */,
				BB771CB4234D7F4F0060473D /* Products */,
			);
			sourceTree = "<group>";
		};
		BB771CB4234D7F4F0060473D /* Products */ = {
			isa = PBXGroup;
			children = (
				BB771CB3234D7F4F0060473D /* AddRemoteTest.app */,
			);
			name = Products;
			sourceTree = "<group>";
		};
		BB771CB5234D7F4F0060473D /* AddRemoteTest */ = {
			isa = PBXGroup;
			children = (
				BB771CCF234D802C0060473D /* Class */,
				BB771CB6234D7F4F0060473D /* AppDelegate.h */,
				BB771CB7234D7F4F0060473D /* AppDelegate.m */,
				BB771CB9234D7F4F0060473D /* SceneDelegate.h */,
				BB771CBA234D7F4F0060473D /* SceneDelegate.m */,
				BB771CBC234D7F4F0060473D /* ViewController.h */,
				BB771CBD234D7F4F0060473D /* ViewController.m */,
				BB771CBF234D7F4F0060473D /* Main.storyboard */,
				BB771CC2234D7F500060473D /* Assets.xcassets */,
				BB771CC4234D7F500060473D /* LaunchScreen.storyboard */,
				BB771CC7234D7F500060473D /* Info.plist */,
				BB771CC8234D7F500060473D /* main.m */,
			);
			path = AddRemoteTest;
			sourceTree = "<group>";
		};
		BB771CCF234D802C0060473D /* Class */ = {
			isa = PBXGroup;
			children = (
				BB771CD1234D802C0060473D /* HTClipImageController.h */,
				BB771CD0234D802C0060473D /* HTClipImageController.m */,
			);
			path = Class;
			sourceTree = "<group>";
		};
/* End PBXGroup section */

/* Begin PBXNativeTarget section */
		BB771CB2234D7F4F0060473D /* AddRemoteTest */ = {
			isa = PBXNativeTarget;
			buildConfigurationList = BB771CCC234D7F500060473D /* Build configuration list for PBXNativeTarget "AddRemoteTest" */;
			buildPhases = (
				BB771CAF234D7F4F0060473D /* Sources */,
				BB771CB0234D7F4F0060473D /* Frameworks */,
				BB771CB1234D7F4F0060473D /* Resources */,
			);
			buildRules = (
			);
			dependencies = (
			);
			name = AddRemoteTest;
			productName = AddRemoteTest;
			productReference = BB771CB3234D7F4F0060473D /* AddRemoteTest.app */;
			productType = "com.apple.product-type.application";
		};
/* End PBXNativeTarget section */

/* Begin PBXProject section */
		BB771CAB234D7F4F0060473D /* Project object */ = {
			isa = PBXProject;
			attributes = {
				LastUpgradeCheck = 1100;
				ORGANIZATIONNAME = wangjintao;
				TargetAttributes = {
					BB771CB2234D7F4F0060473D = {
						CreatedOnToolsVersion = 11.0;
					};
				};
			};
			buildConfigurationList = BB771CAE234D7F4F0060473D /* Build configuration list for PBXProject "AddRemoteTest" */;
			compatibilityVersion = "Xcode 9.3";
			developmentRegion = en;
			hasScannedForEncodings = 0;
			knownRegions = (
				en,
				Base,
			);
			mainGroup = BB771CAA234D7F4F0060473D;
			productRefGroup = BB771CB4234D7F4F0060473D /* Products */;
			projectDirPath = "";
			projectRoot = "";
			targets = (
				BB771CB2234D7F4F0060473D /* AddRemoteTest */,
			);
		};
/* End PBXProject section */

/* Begin PBXResourcesBuildPhase section */
		BB771CB1234D7F4F0060473D /* Resources */ = {
			isa = PBXResourcesBuildPhase;
			buildActionMask = 2147483647;
			files = (
				BB771CC6234D7F500060473D /* LaunchScreen.storyboard in Resources */,
				BB771CC3234D7F500060473D /* Assets.xcassets in Resources */,
				BB771CC1234D7F4F0060473D /* Main.storyboard in Resources */,
			);
			runOnlyForDeploymentPostprocessing = 0;
		};
/* End PBXResourcesBuildPhase section */

/* Begin PBXSourcesBuildPhase section */
		BB771CAF234D7F4F0060473D /* Sources */ = {
			isa = PBXSourcesBuildPhase;
			buildActionMask = 2147483647;
			files = (
				BB771CBE234D7F4F0060473D /* ViewController.m in Sources */,
				BB771CD2234D802C0060473D /* HTClipImageController.m in Sources */,
				BB771CB8234D7F4F0060473D /* AppDelegate.m in Sources */,
				BB771CC9234D7F500060473D /* main.m in Sources */,
				BB771CBB234D7F4F0060473D /* SceneDelegate.m in Sources */,
			);
			runOnlyForDeploymentPostprocessing = 0;
		};
/* End PBXSourcesBuildPhase section */

/* Begin PBXVariantGroup section */
		BB771CBF234D7F4F0060473D /* Main.storyboard */ = {
			isa = PBXVariantGroup;
			children = (
				BB771CC0234D7F4F0060473D /* Base */,
			);
			name = Main.storyboard;
			sourceTree = "<group>";
		};
		BB771CC4234D7F500060473D /* LaunchScreen.storyboard */ = {
			isa = PBXVariantGroup;
			children = (
				BB771CC5234D7F500060473D /* Base */,
			);
			name = LaunchScreen.storyboard;
			sourceTree = "<group>";
		};
/* End PBXVariantGroup section */

/* Begin XCBuildConfiguration section */
		BB771CCA234D7F500060473D /* Debug */ = {
			isa = XCBuildConfiguration;
			buildSettings = {
				ALWAYS_SEARCH_USER_PATHS = NO;
				CLANG_ANALYZER_NONNULL = YES;
				CLANG_ANALYZER_NUMBER_OBJECT_CONVERSION = YES_AGGRESSIVE;
				CLANG_CXX_LANGUAGE_STANDARD = "gnu++14";
				CLANG_CXX_LIBRARY = "libc++";
				CLANG_ENABLE_MODULES = YES;
				CLANG_ENABLE_OBJC_ARC = YES;
				CLANG_ENABLE_OBJC_WEAK = YES;
				CLANG_WARN_BLOCK_CAPTURE_AUTORELEASING = YES;
				CLANG_WARN_BOOL_CONVERSION = YES;
				CLANG_WARN_COMMA = YES;
				CLANG_WARN_CONSTANT_CONVERSION = YES;
				CLANG_WARN_DEPRECATED_OBJC_IMPLEMENTATIONS = YES;
				CLANG_WARN_DIRECT_OBJC_ISA_USAGE = YES_ERROR;
				CLANG_WARN_DOCUMENTATION_COMMENTS = YES;
				CLANG_WARN_EMPTY_BODY = YES;
				CLANG_WARN_ENUM_CONVERSION = YES;
				CLANG_WARN_INFINITE_RECURSION = YES;
				CLANG_WARN_INT_CONVERSION = YES;
				CLANG_WARN_NON_LITERAL_NULL_CONVERSION = YES;
				CLANG_WARN_OBJC_IMPLICIT_RETAIN_SELF = YES;
				CLANG_WARN_OBJC_LITERAL_CONVERSION = YES;
				CLANG_WARN_OBJC_ROOT_CLASS = YES_ERROR;
				CLANG_WARN_RANGE_LOOP_ANALYSIS = YES;
				CLANG_WARN_STRICT_PROTOTYPES = YES;
				CLANG_WARN_SUSPICIOUS_MOVE = YES;
				CLANG_WARN_UNGUARDED_AVAILABILITY = YES_AGGRESSIVE;
				CLANG_WARN_UNREACHABLE_CODE = YES;
				CLANG_WARN__DUPLICATE_METHOD_MATCH = YES;
				COPY_PHASE_STRIP = NO;
				DEBUG_INFORMATION_FORMAT = dwarf;
				ENABLE_STRICT_OBJC_MSGSEND = YES;
				ENABLE_TESTABILITY = YES;
				GCC_C_LANGUAGE_STANDARD = gnu11;
				GCC_DYNAMIC_NO_PIC = NO;
				GCC_NO_COMMON_BLOCKS = YES;
				GCC_OPTIMIZATION_LEVEL = 0;
				GCC_PREPROCESSOR_DEFINITIONS = (
					"DEBUG=1",
					"$(inherited)",
				);
				GCC_WARN_64_TO_32_BIT_CONVERSION = YES;
				GCC_WARN_ABOUT_RETURN_TYPE = YES_ERROR;
				GCC_WARN_UNDECLARED_SELECTOR = YES;
				GCC_WARN_UNINITIALIZED_AUTOS = YES_AGGRESSIVE;
				GCC_WARN_UNUSED_FUNCTION = YES;
				GCC_WARN_UNUSED_VARIABLE = YES;
				IPHONEOS_DEPLOYMENT_TARGET = 13.0;
				MTL_ENABLE_DEBUG_INFO = INCLUDE_SOURCE;
				MTL_FAST_MATH = YES;
				ONLY_ACTIVE_ARCH = YES;
				SDKROOT = iphoneos;
			};
			name = Debug;
		};
		BB771CCB234D7F500060473D /* Release */ = {
			isa = XCBuildConfiguration;
			buildSettings = {
				ALWAYS_SEARCH_USER_PATHS = NO;
				CLANG_ANALYZER_NONNULL = YES;
				CLANG_ANALYZER_NUMBER_OBJECT_CONVERSION = YES_AGGRESSIVE;
				CLANG_CXX_LANGUAGE_STANDARD = "gnu++14";
				CLANG_CXX_LIBRARY = "libc++";
				CLANG_ENABLE_MODULES = YES;
				CLANG_ENABLE_OBJC_ARC = YES;
				CLANG_ENABLE_OBJC_WEAK = YES;
				CLANG_WARN_BLOCK_CAPTURE_AUTORELEASING = YES;
				CLANG_WARN_BOOL_CONVERSION = YES;
				CLANG_WARN_COMMA = YES;
				CLANG_WARN_CONSTANT_CONVERSION = YES;
				CLANG_WARN_DEPRECATED_OBJC_IMPLEMENTATIONS = YES;
				CLANG_WARN_DIRECT_OBJC_ISA_USAGE = YES_ERROR;
				CLANG_WARN_DOCUMENTATION_COMMENTS = YES;
				CLANG_WARN_EMPTY_BODY = YES;
				CLANG_WARN_ENUM_CONVERSION = YES;
				CLANG_WARN_INFINITE_RECURSION = YES;
				CLANG_WARN_INT_CONVERSION = YES;
				CLANG_WARN_NON_LITERAL_NULL_CONVERSION = YES;
				CLANG_WARN_OBJC_IMPLICIT_RETAIN_SELF = YES;
				CLANG_WARN_OBJC_LITERAL_CONVERSION = YES;
				CLANG_WARN_OBJC_ROOT_CLASS = YES_ERROR;
				CLANG_WARN_RANGE_LOOP_ANALYSIS = YES;
				CLANG_WARN_STRICT_PROTOTYPES = YES;
				CLANG_WARN_SUSPICIOUS_MOVE = YES;
				CLANG_WARN_UNGUARDED_AVAILABILITY = YES_AGGRESSIVE;
				CLANG_WARN_UNREACHABLE_CODE = YES;
				CLANG_WARN__DUPLICATE_METHOD_MATCH = YES;
				COPY_PHASE_STRIP = NO;
				DEBUG_INFORMATION_FORMAT = "dwarf-with-dsym";
				ENABLE_NS_ASSERTIONS = NO;
				ENABLE_STRICT_OBJC_MSGSEND = YES;
				GCC_C_LANGUAGE_STANDARD = gnu11;
				GCC_NO_COMMON_BLOCKS = YES;
				GCC_WARN_64_TO_32_BIT_CONVERSION = YES;
				GCC_WARN_ABOUT_RETURN_TYPE = YES_ERROR;
				GCC_WARN_UNDECLARED_SELECTOR = YES;
				GCC_WARN_UNINITIALIZED_AUTOS = YES_AGGRESSIVE;
				GCC_WARN_UNUSED_FUNCTION = YES;
				GCC_WARN_UNUSED_VARIABLE = YES;
				IPHONEOS_DEPLOYMENT_TARGET = 13.0;
				MTL_ENABLE_DEBUG_INFO = NO;
				MTL_FAST_MATH = YES;
				SDKROOT = iphoneos;
				VALIDATE_PRODUCT = YES;
			};
			name = Release;
		};
		BB771CCD234D7F500060473D /* Debug */ = {
			isa = XCBuildConfiguration;
			buildSettings = {
				ASSETCATALOG_COMPILER_APPICON_NAME = AppIcon;
				CODE_SIGN_STYLE = Automatic;
				INFOPLIST_FILE = AddRemoteTest/Info.plist;
				LD_RUNPATH_SEARCH_PATHS = (
					"$(inherited)",
					"@executable_path/Frameworks",
				);
				PRODUCT_BUNDLE_IDENTIFIER = JT.AddRemoteTest;
				PRODUCT_NAME = "$(TARGET_NAME)";
				TARGETED_DEVICE_FAMILY = "1,2";
			};
			name = Debug;
		};
		BB771CCE234D7F500060473D /* Release */ = {
			isa = XCBuildConfiguration;
			buildSettings = {
				ASSETCATALOG_COMPILER_APPICON_NAME = AppIcon;
				CODE_SIGN_STYLE = Automatic;
				INFOPLIST_FILE = AddRemoteTest/Info.plist;
				LD_RUNPATH_SEARCH_PATHS = (
					"$(inherited)",
					"@executable_path/Frameworks",
				);
				PRODUCT_BUNDLE_IDENTIFIER = JT.AddRemoteTest;
				PRODUCT_NAME = "$(TARGET_NAME)";
				TARGETED_DEVICE_FAMILY = "1,2";
			};
			name = Release;
		};
/* End XCBuildConfiguration section */

/* Begin XCConfigurationList section */
		BB771CAE234D7F4F0060473D /* Build configuration list for PBXProject "AddRemoteTest" */ = {
			isa = XCConfigurationList;
			buildConfigurations = (
				BB771CCA234D7F500060473D /* Debug */,
				BB771CCB234D7F500060473D /* Release */,
			);
			defaultConfigurationIsVisible = 0;
			defaultConfigurationName = Release;
		};
		BB771CCC234D7F500060473D /* Build configuration list for PBXNativeTarget "AddRemoteTest" */ = {
			isa = XCConfigurationList;
			buildConfigurations = (
				BB771CCD234D7F500060473D /* Debug */,
				BB771CCE234D7F500060473D /* Release */,
			);
			defaultConfigurationIsVisible = 0;
			defaultConfigurationName = Release;
		};
/* End XCConfigurationList section */
	};
	rootObject = BB771CAB234D7F4F0060473D /* Project object */;
}
